
Microsoft Visual Studio Solution File, Format Version 12.00
# Visual Studio 15
VisualStudioVersion = 15.0.27130.2036
MinimumVisualStudioVersion = 10.0.40219.1
Project("{FAE04EC0-301F-11D3-BF4B-00C04F79EFBC}") = "Client-Server", "Client-Server\Client-Server.csproj", "{767FA8A1-B7CD-4507-A1E4-6DB3E5BA0404}"
EndProject
Global
	GlobalSection(SolutionConfigurationPlatforms) = preSolution
		Debug|Any CPU = Debug|Any CPU
		Release|Any CPU = Release|Any CPU
	EndGlobalSection
	GlobalSection(ProjectConfigurationPlatforms) = postSolution
		{767FA8A1-B7CD-4507-A1E4-6DB3E5BA0404}.Debug|Any CPU.ActiveCfg = Debug|Any CPU
		{767FA8A1-B7CD-4507-A1E4-6DB3E5BA0404}.Debug|Any CPU.Build.0 = Debug|Any CPU
		{767FA8A1-B7CD-4507-A1E4-6DB3E5BA0404}.Release|Any CPU.ActiveCfg = Release|Any CPU
		{767FA8A1-B7CD-4507-A1E4-6DB3E5BA0404}.Release|Any CPU.Build.0 = Release|Any CPU
	EndGlobalSection
	GlobalSection(SolutionProperties) = preSolution
		HideSolutionNode = FALSE
	EndGlobalSection
	GlobalSection(ExtensibilityGlobals) = postSolution
		SolutionGuid = {D17D5BEB-BE5D-4F89-8C2C-B9F1801F1669}
	EndGlobalSection
EndGlobal
