
Microsoft Visual Studio Solution File, Format Version 12.00
# Visual Studio 15
VisualStudioVersion = 15.0.27130.2036
MinimumVisualStudioVersion = 10.0.40219.1
Project("{9A19103F-16F7-4668-BE54-9A1E7A4F7556}") = "ClientApp", "ClientApp\ClientApp.csproj", "{DF94F256-09BE-457C-914E-0D143101BE80}"
EndProject
Project("{9A19103F-16F7-4668-BE54-9A1E7A4F7556}") = "ServerApp", "ServerApp\ServerApp.csproj", "{F4732A6A-C4A7-4722-80AD-701A3183B7DA}"
EndProject
Project("{FAE04EC0-301F-11D3-BF4B-00C04F79EFBC}") = "Bindings", "Bindings\Bindings.csproj", "{266A5CB1-7251-4283-853C-96A3B2FF89FA}"
EndProject
Global
	GlobalSection(SolutionConfigurationPlatforms) = preSolution
		Debug|Any CPU = Debug|Any CPU
		Release|Any CPU = Release|Any CPU
	EndGlobalSection
	GlobalSection(ProjectConfigurationPlatforms) = postSolution
		{DF94F256-09BE-457C-914E-0D143101BE80}.Debug|Any CPU.ActiveCfg = Debug|Any CPU
		{DF94F256-09BE-457C-914E-0D143101BE80}.Debug|Any CPU.Build.0 = Debug|Any CPU
		{DF94F256-09BE-457C-914E-0D143101BE80}.Release|Any CPU.ActiveCfg = Release|Any CPU
		{DF94F256-09BE-457C-914E-0D143101BE80}.Release|Any CPU.Build.0 = Release|Any CPU
		{F4732A6A-C4A7-4722-80AD-701A3183B7DA}.Debug|Any CPU.ActiveCfg = Debug|Any CPU
		{F4732A6A-C4A7-4722-80AD-701A3183B7DA}.Debug|Any CPU.Build.0 = Debug|Any CPU
		{F4732A6A-C4A7-4722-80AD-701A3183B7DA}.Release|Any CPU.ActiveCfg = Release|Any CPU
		{F4732A6A-C4A7-4722-80AD-701A3183B7DA}.Release|Any CPU.Build.0 = Release|Any CPU
		{266A5CB1-7251-4283-853C-96A3B2FF89FA}.Debug|Any CPU.ActiveCfg = Debug|Any CPU
		{266A5CB1-7251-4283-853C-96A3B2FF89FA}.Debug|Any CPU.Build.0 = Debug|Any CPU
		{266A5CB1-7251-4283-853C-96A3B2FF89FA}.Release|Any CPU.ActiveCfg = Release|Any CPU
		{266A5CB1-7251-4283-853C-96A3B2FF89FA}.Release|Any CPU.Build.0 = Release|Any CPU
	EndGlobalSection
	GlobalSection(SolutionProperties) = preSolution
		HideSolutionNode = FALSE
	EndGlobalSection
	GlobalSection(ExtensibilityGlobals) = postSolution
		SolutionGuid = {D17D5BEB-BE5D-4F89-8C2C-B9F1801F1669}
	EndGlobalSection
EndGlobal
